
Microsoft Visual Studio Solution File, Format Version 12.00
# Visual Studio Version 16
VisualStudioVersion = 16.0.29709.97
MinimumVisualStudioVersion = 10.0.40219.1
Project("{FAE04EC0-301F-11D3-BF4B-00C04F79EFBC}") = "01_TypesAndVariables", "01_TypesAndVariables\01_TypesAndVariables.csproj", "{26952644-229C-4528-AAA4-4BCB104662D6}"
EndProject
Project("{FAE04EC0-301F-11D3-BF4B-00C04F79EFBC}") = "02_Operators", "02_Operators\02_Operators.csproj", "{9347FDBC-D4FD-4AF0-88F7-9D8CD5675E14}"
EndProject
Global
	GlobalSection(SolutionConfigurationPlatforms) = preSolution
		Debug|Any CPU = Debug|Any CPU
		Release|Any CPU = Release|Any CPU
	EndGlobalSection
	GlobalSection(ProjectConfigurationPlatforms) = postSolution
		{26952644-229C-4528-AAA4-4BCB104662D6}.Debug|Any CPU.ActiveCfg = Debug|Any CPU
		{26952644-229C-4528-AAA4-4BCB104662D6}.Debug|Any CPU.Build.0 = Debug|Any CPU
		{26952644-229C-4528-AAA4-4BCB104662D6}.Release|Any CPU.ActiveCfg = Release|Any CPU
		{26952644-229C-4528-AAA4-4BCB104662D6}.Release|Any CPU.Build.0 = Release|Any CPU
		{9347FDBC-D4FD-4AF0-88F7-9D8CD5675E14}.Debug|Any CPU.ActiveCfg = Debug|Any CPU
		{9347FDBC-D4FD-4AF0-88F7-9D8CD5675E14}.Debug|Any CPU.Build.0 = Debug|Any CPU
		{9347FDBC-D4FD-4AF0-88F7-9D8CD5675E14}.Release|Any CPU.ActiveCfg = Release|Any CPU
		{9347FDBC-D4FD-4AF0-88F7-9D8CD5675E14}.Release|Any CPU.Build.0 = Release|Any CPU
	EndGlobalSection
	GlobalSection(SolutionProperties) = preSolution
		HideSolutionNode = FALSE
	EndGlobalSection
	GlobalSection(ExtensibilityGlobals) = postSolution
		SolutionGuid = {31BD4819-BC77-42F3-BA25-BDA14462550B}
	EndGlobalSection
EndGlobal
