
Microsoft Visual Studio Solution File, Format Version 12.00
# Visual Studio Version 16
VisualStudioVersion = 16.0.29709.97
MinimumVisualStudioVersion = 10.0.40219.1
Project("{FAE04EC0-301F-11D3-BF4B-00C04F79EFBC}") = "01_TypesAndVariables", "01_TypesAndVariables\01_TypesAndVariables.csproj", "{26952644-229C-4528-AAA4-4BCB104662D6}"
EndProject
Project("{FAE04EC0-301F-11D3-BF4B-00C04F79EFBC}") = "02_Operators", "02_Operators\02_Operators.csproj", "{9347FDBC-D4FD-4AF0-88F7-9D8CD5675E14}"
EndProject
Project("{FAE04EC0-301F-11D3-BF4B-00C04F79EFBC}") = "03_Conditionals", "03_Conditionals\03_Conditionals.csproj", "{475C1589-1835-477A-AB54-DAEE22D0B731}"
EndProject
Project("{FAE04EC0-301F-11D3-BF4B-00C04F79EFBC}") = "04_Loops", "04_Loops\04_Loops.csproj", "{B8884390-52A1-40FE-AD40-88F27EECF693}"
EndProject
Project("{FAE04EC0-301F-11D3-BF4B-00C04F79EFBC}") = "05_Methods", "05_Methods\05_Methods.csproj", "{AD7D26A3-32C6-48E8-922E-43895B55D892}"
EndProject
Project("{FAE04EC0-301F-11D3-BF4B-00C04F79EFBC}") = "06_Classes", "06_Classes\06_Classes.csproj", "{07CEBC07-4B4C-466C-9905-F3278F2C4CA4}"
EndProject
Project("{FAE04EC0-301F-11D3-BF4B-00C04F79EFBC}") = "07_RepositoryPattern_Repository", "07_RepositoryPattern_Repository\07_RepositoryPattern_Repository.csproj", "{D57C4831-1929-44D4-A8AB-8649CFE53168}"
EndProject
Project("{FAE04EC0-301F-11D3-BF4B-00C04F79EFBC}") = "07_RepositoryPattern_Tests", "07_RepositoryPattern_Tests\07_RepositoryPattern_Tests.csproj", "{72817CFC-9090-4E34-8E02-EF4FA0917E39}"
EndProject
Project("{FAE04EC0-301F-11D3-BF4B-00C04F79EFBC}") = "08_Inheritance_Classes", "08_Inheritance_Classes\08_Inheritance_Classes.csproj", "{2F285EA4-1C69-4991-AF36-B764CDB51AFF}"
EndProject
Project("{FAE04EC0-301F-11D3-BF4B-00C04F79EFBC}") = "08_Inheritance_Tests", "08_Inheritance_Tests\08_Inheritance_Tests.csproj", "{0E3AEC72-89F6-4B34-995A-D887F99C3EBA}"
EndProject
Global
	GlobalSection(SolutionConfigurationPlatforms) = preSolution
		Debug|Any CPU = Debug|Any CPU
		Release|Any CPU = Release|Any CPU
	EndGlobalSection
	GlobalSection(ProjectConfigurationPlatforms) = postSolution
		{26952644-229C-4528-AAA4-4BCB104662D6}.Debug|Any CPU.ActiveCfg = Debug|Any CPU
		{26952644-229C-4528-AAA4-4BCB104662D6}.Debug|Any CPU.Build.0 = Debug|Any CPU
		{26952644-229C-4528-AAA4-4BCB104662D6}.Release|Any CPU.ActiveCfg = Release|Any CPU
		{26952644-229C-4528-AAA4-4BCB104662D6}.Release|Any CPU.Build.0 = Release|Any CPU
		{9347FDBC-D4FD-4AF0-88F7-9D8CD5675E14}.Debug|Any CPU.ActiveCfg = Debug|Any CPU
		{9347FDBC-D4FD-4AF0-88F7-9D8CD5675E14}.Debug|Any CPU.Build.0 = Debug|Any CPU
		{9347FDBC-D4FD-4AF0-88F7-9D8CD5675E14}.Release|Any CPU.ActiveCfg = Release|Any CPU
		{9347FDBC-D4FD-4AF0-88F7-9D8CD5675E14}.Release|Any CPU.Build.0 = Release|Any CPU
		{475C1589-1835-477A-AB54-DAEE22D0B731}.Debug|Any CPU.ActiveCfg = Debug|Any CPU
		{475C1589-1835-477A-AB54-DAEE22D0B731}.Debug|Any CPU.Build.0 = Debug|Any CPU
		{475C1589-1835-477A-AB54-DAEE22D0B731}.Release|Any CPU.ActiveCfg = Release|Any CPU
		{475C1589-1835-477A-AB54-DAEE22D0B731}.Release|Any CPU.Build.0 = Release|Any CPU
		{B8884390-52A1-40FE-AD40-88F27EECF693}.Debug|Any CPU.ActiveCfg = Debug|Any CPU
		{B8884390-52A1-40FE-AD40-88F27EECF693}.Debug|Any CPU.Build.0 = Debug|Any CPU
		{B8884390-52A1-40FE-AD40-88F27EECF693}.Release|Any CPU.ActiveCfg = Release|Any CPU
		{B8884390-52A1-40FE-AD40-88F27EECF693}.Release|Any CPU.Build.0 = Release|Any CPU
		{AD7D26A3-32C6-48E8-922E-43895B55D892}.Debug|Any CPU.ActiveCfg = Debug|Any CPU
		{AD7D26A3-32C6-48E8-922E-43895B55D892}.Debug|Any CPU.Build.0 = Debug|Any CPU
		{AD7D26A3-32C6-48E8-922E-43895B55D892}.Release|Any CPU.ActiveCfg = Release|Any CPU
		{AD7D26A3-32C6-48E8-922E-43895B55D892}.Release|Any CPU.Build.0 = Release|Any CPU
		{07CEBC07-4B4C-466C-9905-F3278F2C4CA4}.Debug|Any CPU.ActiveCfg = Debug|Any CPU
		{07CEBC07-4B4C-466C-9905-F3278F2C4CA4}.Debug|Any CPU.Build.0 = Debug|Any CPU
		{07CEBC07-4B4C-466C-9905-F3278F2C4CA4}.Release|Any CPU.ActiveCfg = Release|Any CPU
		{07CEBC07-4B4C-466C-9905-F3278F2C4CA4}.Release|Any CPU.Build.0 = Release|Any CPU
		{D57C4831-1929-44D4-A8AB-8649CFE53168}.Debug|Any CPU.ActiveCfg = Debug|Any CPU
		{D57C4831-1929-44D4-A8AB-8649CFE53168}.Debug|Any CPU.Build.0 = Debug|Any CPU
		{D57C4831-1929-44D4-A8AB-8649CFE53168}.Release|Any CPU.ActiveCfg = Release|Any CPU
		{D57C4831-1929-44D4-A8AB-8649CFE53168}.Release|Any CPU.Build.0 = Release|Any CPU
		{72817CFC-9090-4E34-8E02-EF4FA0917E39}.Debug|Any CPU.ActiveCfg = Debug|Any CPU
		{72817CFC-9090-4E34-8E02-EF4FA0917E39}.Debug|Any CPU.Build.0 = Debug|Any CPU
		{72817CFC-9090-4E34-8E02-EF4FA0917E39}.Release|Any CPU.ActiveCfg = Release|Any CPU
		{72817CFC-9090-4E34-8E02-EF4FA0917E39}.Release|Any CPU.Build.0 = Release|Any CPU
		{2F285EA4-1C69-4991-AF36-B764CDB51AFF}.Debug|Any CPU.ActiveCfg = Debug|Any CPU
		{2F285EA4-1C69-4991-AF36-B764CDB51AFF}.Debug|Any CPU.Build.0 = Debug|Any CPU
		{2F285EA4-1C69-4991-AF36-B764CDB51AFF}.Release|Any CPU.ActiveCfg = Release|Any CPU
		{2F285EA4-1C69-4991-AF36-B764CDB51AFF}.Release|Any CPU.Build.0 = Release|Any CPU
		{0E3AEC72-89F6-4B34-995A-D887F99C3EBA}.Debug|Any CPU.ActiveCfg = Debug|Any CPU
		{0E3AEC72-89F6-4B34-995A-D887F99C3EBA}.Debug|Any CPU.Build.0 = Debug|Any CPU
		{0E3AEC72-89F6-4B34-995A-D887F99C3EBA}.Release|Any CPU.ActiveCfg = Release|Any CPU
		{0E3AEC72-89F6-4B34-995A-D887F99C3EBA}.Release|Any CPU.Build.0 = Release|Any CPU
	EndGlobalSection
	GlobalSection(SolutionProperties) = preSolution
		HideSolutionNode = FALSE
	EndGlobalSection
	GlobalSection(ExtensibilityGlobals) = postSolution
		SolutionGuid = {31BD4819-BC77-42F3-BA25-BDA14462550B}
	EndGlobalSection
EndGlobal
